
Microsoft Visual Studio Solution File, Format Version 12.00
# Visual Studio Version 16
VisualStudioVersion = 16.0.31205.134
MinimumVisualStudioVersion = 10.0.40219.1
Project("{FAE04EC0-301F-11D3-BF4B-00C04F79EFBC}") = "CalculadoraMicrosoft", "CalculadoraMicrosoft\CalculadoraMicrosoft.csproj", "{C53FC2E8-91AC-4930-826B-3E90B6D03BE1}"
EndProject
Global
	GlobalSection(SolutionConfigurationPlatforms) = preSolution
		Debug|Any CPU = Debug|Any CPU
		Release|Any CPU = Release|Any CPU
	EndGlobalSection
	GlobalSection(ProjectConfigurationPlatforms) = postSolution
		{C53FC2E8-91AC-4930-826B-3E90B6D03BE1}.Debug|Any CPU.ActiveCfg = Debug|Any CPU
		{C53FC2E8-91AC-4930-826B-3E90B6D03BE1}.Debug|Any CPU.Build.0 = Debug|Any CPU
		{C53FC2E8-91AC-4930-826B-3E90B6D03BE1}.Release|Any CPU.ActiveCfg = Release|Any CPU
		{C53FC2E8-91AC-4930-826B-3E90B6D03BE1}.Release|Any CPU.Build.0 = Release|Any CPU
	EndGlobalSection
	GlobalSection(SolutionProperties) = preSolution
		HideSolutionNode = FALSE
	EndGlobalSection
	GlobalSection(ExtensibilityGlobals) = postSolution
		SolutionGuid = {E3F3B3FC-8F8F-495B-A452-9086EAD8E4F1}
	EndGlobalSection
EndGlobal
